
Microsoft Visual Studio Solution File, Format Version 12.00
# Visual Studio 15
VisualStudioVersion = 15.0.28010.2046
MinimumVisualStudioVersion = 10.0.40219.1
Project("{FAE04EC0-301F-11D3-BF4B-00C04F79EFBC}") = "Spider", "Spider\Spider.csproj", "{9A6099B4-54E8-493A-8AB3-37736FC54E8A}"
EndProject
Global
	GlobalSection(SolutionConfigurationPlatforms) = preSolution
		Debug|Any CPU = Debug|Any CPU
		Release|Any CPU = Release|Any CPU
	EndGlobalSection
	GlobalSection(ProjectConfigurationPlatforms) = postSolution
		{9A6099B4-54E8-493A-8AB3-37736FC54E8A}.Debug|Any CPU.ActiveCfg = Debug|Any CPU
		{9A6099B4-54E8-493A-8AB3-37736FC54E8A}.Debug|Any CPU.Build.0 = Debug|Any CPU
		{9A6099B4-54E8-493A-8AB3-37736FC54E8A}.Release|Any CPU.ActiveCfg = Release|Any CPU
		{9A6099B4-54E8-493A-8AB3-37736FC54E8A}.Release|Any CPU.Build.0 = Release|Any CPU
	EndGlobalSection
	GlobalSection(SolutionProperties) = preSolution
		HideSolutionNode = FALSE
	EndGlobalSection
	GlobalSection(ExtensibilityGlobals) = postSolution
		SolutionGuid = {A2A24E5B-D674-4650-8FBF-8A7112CBC7BD}
	EndGlobalSection
EndGlobal
